// !$*UTF8*$!
{
	archiveVersion = 1;
	classes = {
	};
	objectVersion = 56;
	objects = {

/* Begin PBXBuildFile section */
		C953ED4A2A985D5300B502C7 /* FormulaOneApp.swift in Sources */ = {isa = PBXBuildFile; fileRef = C953ED492A985D5300B502C7 /* FormulaOneApp.swift */; };
		C953ED4C2A985D5300B502C7 /* TeamView.swift in Sources */ = {isa = PBXBuildFile; fileRef = C953ED4B2A985D5300B502C7 /* TeamView.swift */; };
		C953ED4E2A985D5500B502C7 /* Assets.xcassets in Resources */ = {isa = PBXBuildFile; fileRef = C953ED4D2A985D5500B502C7 /* Assets.xcassets */; };
		C953ED512A985D5500B502C7 /* Preview Assets.xcassets in Resources */ = {isa = PBXBuildFile; fileRef = C953ED502A985D5500B502C7 /* Preview Assets.xcassets */; };
		C953ED5A2A98630A00B502C7 /* DataService.swift in Sources */ = {isa = PBXBuildFile; fileRef = C953ED592A98630A00B502C7 /* DataService.swift */; };
		C953ED5D2A98639C00B502C7 /* Team.swift in Sources */ = {isa = PBXBuildFile; fileRef = C953ED5C2A98639C00B502C7 /* Team.swift */; };
		C953ED5F2A98640800B502C7 /* Driver.swift in Sources */ = {isa = PBXBuildFile; fileRef = C953ED5E2A98640800B502C7 /* Driver.swift */; };
		C953ED612A986C0200B502C7 /* DriverCard.swift in Sources */ = {isa = PBXBuildFile; fileRef = C953ED602A986C0200B502C7 /* DriverCard.swift */; };
		C953ED632A986E0200B502C7 /* TeamCard.swift in Sources */ = {isa = PBXBuildFile; fileRef = C953ED622A986E0200B502C7 /* TeamCard.swift */; };
		C953ED662A98710D00B502C7 /* DriverView.swift in Sources */ = {isa = PBXBuildFile; fileRef = C953ED652A98710D00B502C7 /* DriverView.swift */; };
		C953ED682A98721200B502C7 /* DriverRow.swift in Sources */ = {isa = PBXBuildFile; fileRef = C953ED672A98721200B502C7 /* DriverRow.swift */; };
		C953ED6A2A98743600B502C7 /* DriverDetailView.swift in Sources */ = {isa = PBXBuildFile; fileRef = C953ED692A98743600B502C7 /* DriverDetailView.swift */; };
		C983F7252AAA3E9900467EE9 /* TrackView.swift in Sources */ = {isa = PBXBuildFile; fileRef = C983F7242AAA3E9900467EE9 /* TrackView.swift */; };
		C983F7282AAA3F3900467EE9 /* TrackService.swift in Sources */ = {isa = PBXBuildFile; fileRef = C983F7272AAA3F3900467EE9 /* TrackService.swift */; };
		C983F72A2AAA3F9500467EE9 /* Track.swift in Sources */ = {isa = PBXBuildFile; fileRef = C983F7292AAA3F9500467EE9 /* Track.swift */; };
		C983F72D2AAA433E00467EE9 /* TrackCard.swift in Sources */ = {isa = PBXBuildFile; fileRef = C983F72C2AAA433E00467EE9 /* TrackCard.swift */; };
		C9BE7D4D2A99D37500D1DB63 /* MainView.swift in Sources */ = {isa = PBXBuildFile; fileRef = C9BE7D4C2A99D37500D1DB63 /* MainView.swift */; };
		C9DEEC2E2A991AF800BE775E /* LaunchScreen.storyboard in Resources */ = {isa = PBXBuildFile; fileRef = C9DEEC2D2A991AF800BE775E /* LaunchScreen.storyboard */; };
/* End PBXBuildFile section */

/* Begin PBXFileReference section */
		C953ED492A985D5300B502C7 /* FormulaOneApp.swift */ = {isa = PBXFileReference; lastKnownFileType = sourcecode.swift; path = FormulaOneApp.swift; sourceTree = "<group>"; };
		C953ED4B2A985D5300B502C7 /* TeamView.swift */ = {isa = PBXFileReference; lastKnownFileType = sourcecode.swift; path = TeamView.swift; sourceTree = "<group>"; };
		C953ED4D2A985D5500B502C7 /* Assets.xcassets */ = {isa = PBXFileReference; lastKnownFileType = folder.assetcatalog; path = Assets.xcassets; sourceTree = "<group>"; };
		C953ED502A985D5500B502C7 /* Preview Assets.xcassets */ = {isa = PBXFileReference; lastKnownFileType = folder.assetcatalog; path = "Preview Assets.xcassets"; sourceTree = "<group>"; };
		C953ED592A98630A00B502C7 /* DataService.swift */ = {isa = PBXFileReference; lastKnownFileType = sourcecode.swift; path = DataService.swift; sourceTree = "<group>"; };
		C953ED5C2A98639C00B502C7 /* Team.swift */ = {isa = PBXFileReference; lastKnownFileType = sourcecode.swift; path = Team.swift; sourceTree = "<group>"; };
		C953ED5E2A98640800B502C7 /* Driver.swift */ = {isa = PBXFileReference; lastKnownFileType = sourcecode.swift; path = Driver.swift; sourceTree = "<group>"; };
		C953ED602A986C0200B502C7 /* DriverCard.swift */ = {isa = PBXFileReference; lastKnownFileType = sourcecode.swift; path = DriverCard.swift; sourceTree = "<group>"; };
		C953ED622A986E0200B502C7 /* TeamCard.swift */ = {isa = PBXFileReference; lastKnownFileType = sourcecode.swift; path = TeamCard.swift; sourceTree = "<group>"; };
		C953ED652A98710D00B502C7 /* DriverView.swift */ = {isa = PBXFileReference; lastKnownFileType = sourcecode.swift; path = DriverView.swift; sourceTree = "<group>"; };
		C953ED672A98721200B502C7 /* DriverRow.swift */ = {isa = PBXFileReference; lastKnownFileType = sourcecode.swift; path = DriverRow.swift; sourceTree = "<group>"; };
		C953ED692A98743600B502C7 /* DriverDetailView.swift */ = {isa = PBXFileReference; lastKnownFileType = sourcecode.swift; path = DriverDetailView.swift; sourceTree = "<group>"; };
		C97330F72AA8C9CB00213BF4 /* FormulaOne.app */ = {isa = PBXFileReference; explicitFileType = wrapper.application; includeInIndex = 0; path = FormulaOne.app; sourceTree = BUILT_PRODUCTS_DIR; };
		C983F7242AAA3E9900467EE9 /* TrackView.swift */ = {isa = PBXFileReference; lastKnownFileType = sourcecode.swift; path = TrackView.swift; sourceTree = "<group>"; };
		C983F7272AAA3F3900467EE9 /* TrackService.swift */ = {isa = PBXFileReference; lastKnownFileType = sourcecode.swift; path = TrackService.swift; sourceTree = "<group>"; };
		C983F7292AAA3F9500467EE9 /* Track.swift */ = {isa = PBXFileReference; lastKnownFileType = sourcecode.swift; path = Track.swift; sourceTree = "<group>"; };
		C983F72C2AAA433E00467EE9 /* TrackCard.swift */ = {isa = PBXFileReference; lastKnownFileType = sourcecode.swift; path = TrackCard.swift; sourceTree = "<group>"; };
		C9BE7D4C2A99D37500D1DB63 /* MainView.swift */ = {isa = PBXFileReference; lastKnownFileType = sourcecode.swift; path = MainView.swift; sourceTree = "<group>"; };
		C9DEEC2D2A991AF800BE775E /* LaunchScreen.storyboard */ = {isa = PBXFileReference; lastKnownFileType = file.storyboard; path = LaunchScreen.storyboard; sourceTree = "<group>"; };
/* End PBXFileReference section */

/* Begin PBXFrameworksBuildPhase section */
		C953ED432A985D5300B502C7 /* Frameworks */ = {
			isa = PBXFrameworksBuildPhase;
			buildActionMask = 2147483647;
			files = (
			);
			runOnlyForDeploymentPostprocessing = 0;
		};
/* End PBXFrameworksBuildPhase section */

/* Begin PBXGroup section */
		C953ED3D2A985D5200B502C7 = {
			isa = PBXGroup;
			children = (
				C953ED482A985D5300B502C7 /* FormulaOne */,
				C97330F72AA8C9CB00213BF4 /* FormulaOne.app */,
			);
			sourceTree = "<group>";
			usesTabs = 1;
		};
		C953ED482A985D5300B502C7 /* FormulaOne */ = {
			isa = PBXGroup;
			children = (
				C953ED642A9870AF00B502C7 /* Views */,
				C953ED5B2A98631000B502C7 /* Model */,
				C953ED492A985D5300B502C7 /* FormulaOneApp.swift */,
				C953ED4D2A985D5500B502C7 /* Assets.xcassets */,
				C953ED4F2A985D5500B502C7 /* Preview Content */,
				C9DEEC2D2A991AF800BE775E /* LaunchScreen.storyboard */,
			);
			path = FormulaOne;
			sourceTree = "<group>";
		};
		C953ED4F2A985D5500B502C7 /* Preview Content */ = {
			isa = PBXGroup;
			children = (
				C953ED502A985D5500B502C7 /* Preview Assets.xcassets */,
			);
			path = "Preview Content";
			sourceTree = "<group>";
		};
		C953ED5B2A98631000B502C7 /* Model */ = {
			isa = PBXGroup;
			children = (
				C983F7262AAA3F0200467EE9 /* Tracks */,
				C9BE7D482A99D0C500D1DB63 /* Teams */,
			);
			path = Model;
			sourceTree = "<group>";
		};
		C953ED642A9870AF00B502C7 /* Views */ = {
			isa = PBXGroup;
			children = (
				C983F72B2AAA42B600467EE9 /* Tracks */,
				C9BE7D4C2A99D37500D1DB63 /* MainView.swift */,
				C9BE7D472A99CCE700D1DB63 /* Teams */,
			);
			path = Views;
			sourceTree = "<group>";
		};
		C983F7262AAA3F0200467EE9 /* Tracks */ = {
			isa = PBXGroup;
			children = (
				C983F7272AAA3F3900467EE9 /* TrackService.swift */,
				C983F7292AAA3F9500467EE9 /* Track.swift */,
			);
			path = Tracks;
			sourceTree = "<group>";
		};
		C983F72B2AAA42B600467EE9 /* Tracks */ = {
			isa = PBXGroup;
			children = (
				C983F7242AAA3E9900467EE9 /* TrackView.swift */,
				C983F72C2AAA433E00467EE9 /* TrackCard.swift */,
			);
			path = Tracks;
			sourceTree = "<group>";
		};
		C9BE7D472A99CCE700D1DB63 /* Teams */ = {
			isa = PBXGroup;
			children = (
				C953ED4B2A985D5300B502C7 /* TeamView.swift */,
				C953ED622A986E0200B502C7 /* TeamCard.swift */,
				C953ED602A986C0200B502C7 /* DriverCard.swift */,
				C953ED652A98710D00B502C7 /* DriverView.swift */,
				C953ED672A98721200B502C7 /* DriverRow.swift */,
				C953ED692A98743600B502C7 /* DriverDetailView.swift */,
			);
			path = Teams;
			sourceTree = "<group>";
		};
		C9BE7D482A99D0C500D1DB63 /* Teams */ = {
			isa = PBXGroup;
			children = (
				C953ED592A98630A00B502C7 /* DataService.swift */,
				C953ED5C2A98639C00B502C7 /* Team.swift */,
				C953ED5E2A98640800B502C7 /* Driver.swift */,
			);
			path = Teams;
			sourceTree = "<group>";
		};
/* End PBXGroup section */

/* Begin PBXNativeTarget section */
		C953ED452A985D5300B502C7 /* FormulaOne */ = {
			isa = PBXNativeTarget;
			buildConfigurationList = C953ED542A985D5500B502C7 /* Build configuration list for PBXNativeTarget "FormulaOne" */;
			buildPhases = (
				C953ED422A985D5300B502C7 /* Sources */,
				C953ED432A985D5300B502C7 /* Frameworks */,
				C953ED442A985D5300B502C7 /* Resources */,
			);
			buildRules = (
			);
			dependencies = (
			);
			name = FormulaOne;
			productName = FormulaOne;
			productReference = C97330F72AA8C9CB00213BF4 /* FormulaOne.app */;
			productType = "com.apple.product-type.application";
		};
/* End PBXNativeTarget section */

/* Begin PBXProject section */
		C953ED3E2A985D5200B502C7 /* Project object */ = {
			isa = PBXProject;
			attributes = {
				BuildIndependentTargetsInParallel = 1;
				LastSwiftUpdateCheck = 1430;
				LastUpgradeCheck = 1430;
				TargetAttributes = {
					C953ED452A985D5300B502C7 = {
						CreatedOnToolsVersion = 14.3.1;
					};
				};
			};
			buildConfigurationList = C953ED412A985D5200B502C7 /* Build configuration list for PBXProject "FormulaOne" */;
			compatibilityVersion = "Xcode 14.0";
			developmentRegion = en;
			hasScannedForEncodings = 0;
			knownRegions = (
				en,
				Base,
			);
			mainGroup = C953ED3D2A985D5200B502C7;
			productRefGroup = C953ED3D2A985D5200B502C7;
			projectDirPath = "";
			projectRoot = "";
			targets = (
				C953ED452A985D5300B502C7 /* FormulaOne */,
			);
		};
/* End PBXProject section */

/* Begin PBXResourcesBuildPhase section */
		C953ED442A985D5300B502C7 /* Resources */ = {
			isa = PBXResourcesBuildPhase;
			buildActionMask = 2147483647;
			files = (
				C9DEEC2E2A991AF800BE775E /* LaunchScreen.storyboard in Resources */,
				C953ED512A985D5500B502C7 /* Preview Assets.xcassets in Resources */,
				C953ED4E2A985D5500B502C7 /* Assets.xcassets in Resources */,
			);
			runOnlyForDeploymentPostprocessing = 0;
		};
/* End PBXResourcesBuildPhase section */

/* Begin PBXSourcesBuildPhase section */
		C953ED422A985D5300B502C7 /* Sources */ = {
			isa = PBXSourcesBuildPhase;
			buildActionMask = 2147483647;
			files = (
				C983F7282AAA3F3900467EE9 /* TrackService.swift in Sources */,
				C953ED5D2A98639C00B502C7 /* Team.swift in Sources */,
				C983F72D2AAA433E00467EE9 /* TrackCard.swift in Sources */,
				C953ED4C2A985D5300B502C7 /* TeamView.swift in Sources */,
				C953ED662A98710D00B502C7 /* DriverView.swift in Sources */,
				C953ED5F2A98640800B502C7 /* Driver.swift in Sources */,
				C953ED612A986C0200B502C7 /* DriverCard.swift in Sources */,
				C953ED632A986E0200B502C7 /* TeamCard.swift in Sources */,
				C953ED682A98721200B502C7 /* DriverRow.swift in Sources */,
				C9BE7D4D2A99D37500D1DB63 /* MainView.swift in Sources */,
				C953ED5A2A98630A00B502C7 /* DataService.swift in Sources */,
				C953ED4A2A985D5300B502C7 /* FormulaOneApp.swift in Sources */,
				C983F7252AAA3E9900467EE9 /* TrackView.swift in Sources */,
				C953ED6A2A98743600B502C7 /* DriverDetailView.swift in Sources */,
				C983F72A2AAA3F9500467EE9 /* Track.swift in Sources */,
			);
			runOnlyForDeploymentPostprocessing = 0;
		};
/* End PBXSourcesBuildPhase section */

/* Begin XCBuildConfiguration section */
		C953ED522A985D5500B502C7 /* Debug */ = {
			isa = XCBuildConfiguration;
			buildSettings = {
				ALWAYS_SEARCH_USER_PATHS = NO;
				CLANG_ANALYZER_NONNULL = YES;
				CLANG_ANALYZER_NUMBER_OBJECT_CONVERSION = YES_AGGRESSIVE;
				CLANG_CXX_LANGUAGE_STANDARD = "gnu++20";
				CLANG_ENABLE_MODULES = YES;
				CLANG_ENABLE_OBJC_ARC = YES;
				CLANG_ENABLE_OBJC_WEAK = YES;
				CLANG_WARN_BLOCK_CAPTURE_AUTORELEASING = YES;
				CLANG_WARN_BOOL_CONVERSION = YES;
				CLANG_WARN_COMMA = YES;
				CLANG_WARN_CONSTANT_CONVERSION = YES;
				CLANG_WARN_DEPRECATED_OBJC_IMPLEMENTATIONS = YES;
				CLANG_WARN_DIRECT_OBJC_ISA_USAGE = YES_ERROR;
				CLANG_WARN_DOCUMENTATION_COMMENTS = YES;
				CLANG_WARN_EMPTY_BODY = YES;
				CLANG_WARN_ENUM_CONVERSION = YES;
				CLANG_WARN_INFINITE_RECURSION = YES;
				CLANG_WARN_INT_CONVERSION = YES;
				CLANG_WARN_NON_LITERAL_NULL_CONVERSION = YES;
				CLANG_WARN_OBJC_IMPLICIT_RETAIN_SELF = YES;
				CLANG_WARN_OBJC_LITERAL_CONVERSION = YES;
				CLANG_WARN_OBJC_ROOT_CLASS = YES_ERROR;
				CLANG_WARN_QUOTED_INCLUDE_IN_FRAMEWORK_HEADER = YES;
				CLANG_WARN_RANGE_LOOP_ANALYSIS = YES;
				CLANG_WARN_STRICT_PROTOTYPES = YES;
				CLANG_WARN_SUSPICIOUS_MOVE = YES;
				CLANG_WARN_UNGUARDED_AVAILABILITY = YES_AGGRESSIVE;
				CLANG_WARN_UNREACHABLE_CODE = YES;
				CLANG_WARN__DUPLICATE_METHOD_MATCH = YES;
				COPY_PHASE_STRIP = NO;
				DEBUG_INFORMATION_FORMAT = dwarf;
				ENABLE_STRICT_OBJC_MSGSEND = YES;
				ENABLE_TESTABILITY = YES;
				GCC_C_LANGUAGE_STANDARD = gnu11;
				GCC_DYNAMIC_NO_PIC = NO;
				GCC_NO_COMMON_BLOCKS = YES;
				GCC_OPTIMIZATION_LEVEL = 0;
				GCC_PREPROCESSOR_DEFINITIONS = (
					"DEBUG=1",
					"$(inherited)",
				);
				GCC_WARN_64_TO_32_BIT_CONVERSION = YES;
				GCC_WARN_ABOUT_RETURN_TYPE = YES_ERROR;
				GCC_WARN_UNDECLARED_SELECTOR = YES;
				GCC_WARN_UNINITIALIZED_AUTOS = YES_AGGRESSIVE;
				GCC_WARN_UNUSED_FUNCTION = YES;
				GCC_WARN_UNUSED_VARIABLE = YES;
				IPHONEOS_DEPLOYMENT_TARGET = 16.4;
				MTL_ENABLE_DEBUG_INFO = INCLUDE_SOURCE;
				MTL_FAST_MATH = YES;
				ONLY_ACTIVE_ARCH = YES;
				SDKROOT = iphoneos;
				SWIFT_ACTIVE_COMPILATION_CONDITIONS = DEBUG;
				SWIFT_OPTIMIZATION_LEVEL = "-Onone";
			};
			name = Debug;
		};
		C953ED532A985D5500B502C7 /* Release */ = {
			isa = XCBuildConfiguration;
			buildSettings = {
				ALWAYS_SEARCH_USER_PATHS = NO;
				CLANG_ANALYZER_NONNULL = YES;
				CLANG_ANALYZER_NUMBER_OBJECT_CONVERSION = YES_AGGRESSIVE;
				CLANG_CXX_LANGUAGE_STANDARD = "gnu++20";
				CLANG_ENABLE_MODULES = YES;
				CLANG_ENABLE_OBJC_ARC = YES;
				CLANG_ENABLE_OBJC_WEAK = YES;
				CLANG_WARN_BLOCK_CAPTURE_AUTORELEASING = YES;
				CLANG_WARN_BOOL_CONVERSION = YES;
				CLANG_WARN_COMMA = YES;
				CLANG_WARN_CONSTANT_CONVERSION = YES;
				CLANG_WARN_DEPRECATED_OBJC_IMPLEMENTATIONS = YES;
				CLANG_WARN_DIRECT_OBJC_ISA_USAGE = YES_ERROR;
				CLANG_WARN_DOCUMENTATION_COMMENTS = YES;
				CLANG_WARN_EMPTY_BODY = YES;
				CLANG_WARN_ENUM_CONVERSION = YES;
				CLANG_WARN_INFINITE_RECURSION = YES;
				CLANG_WARN_INT_CONVERSION = YES;
				CLANG_WARN_NON_LITERAL_NULL_CONVERSION = YES;
				CLANG_WARN_OBJC_IMPLICIT_RETAIN_SELF = YES;
				CLANG_WARN_OBJC_LITERAL_CONVERSION = YES;
				CLANG_WARN_OBJC_ROOT_CLASS = YES_ERROR;
				CLANG_WARN_QUOTED_INCLUDE_IN_FRAMEWORK_HEADER = YES;
				CLANG_WARN_RANGE_LOOP_ANALYSIS = YES;
				CLANG_WARN_STRICT_PROTOTYPES = YES;
				CLANG_WARN_SUSPICIOUS_MOVE = YES;
				CLANG_WARN_UNGUARDED_AVAILABILITY = YES_AGGRESSIVE;
				CLANG_WARN_UNREACHABLE_CODE = YES;
				CLANG_WARN__DUPLICATE_METHOD_MATCH = YES;
				COPY_PHASE_STRIP = NO;
				DEBUG_INFORMATION_FORMAT = "dwarf-with-dsym";
				ENABLE_NS_ASSERTIONS = NO;
				ENABLE_STRICT_OBJC_MSGSEND = YES;
				GCC_C_LANGUAGE_STANDARD = gnu11;
				GCC_NO_COMMON_BLOCKS = YES;
				GCC_WARN_64_TO_32_BIT_CONVERSION = YES;
				GCC_WARN_ABOUT_RETURN_TYPE = YES_ERROR;
				GCC_WARN_UNDECLARED_SELECTOR = YES;
				GCC_WARN_UNINITIALIZED_AUTOS = YES_AGGRESSIVE;
				GCC_WARN_UNUSED_FUNCTION = YES;
				GCC_WARN_UNUSED_VARIABLE = YES;
				IPHONEOS_DEPLOYMENT_TARGET = 16.4;
				MTL_ENABLE_DEBUG_INFO = NO;
				MTL_FAST_MATH = YES;
				SDKROOT = iphoneos;
				SWIFT_COMPILATION_MODE = wholemodule;
				SWIFT_OPTIMIZATION_LEVEL = "-O";
				VALIDATE_PRODUCT = YES;
			};
			name = Release;
		};
		C953ED552A985D5500B502C7 /* Debug */ = {
			isa = XCBuildConfiguration;
			buildSettings = {
				ASSETCATALOG_COMPILER_APPICON_NAME = AppIcon;
				ASSETCATALOG_COMPILER_GLOBAL_ACCENT_COLOR_NAME = AccentColor;
				CODE_SIGN_STYLE = Automatic;
				CURRENT_PROJECT_VERSION = 1;
				DEVELOPMENT_ASSET_PATHS = "\"FormulaOne/Preview Content\"";
				DEVELOPMENT_TEAM = TTL5267D9K;
				ENABLE_PREVIEWS = YES;
				GENERATE_INFOPLIST_FILE = YES;
				INFOPLIST_KEY_LSApplicationCategoryType = "public.app-category.sports";
				INFOPLIST_KEY_UIApplicationSceneManifest_Generation = YES;
				INFOPLIST_KEY_UIApplicationSupportsIndirectInputEvents = YES;
				INFOPLIST_KEY_UILaunchScreen_Generation = YES;
				INFOPLIST_KEY_UILaunchStoryboardName = LaunchScreen.storyboard;
				INFOPLIST_KEY_UIStatusBarStyle = "";
				INFOPLIST_KEY_UISupportedInterfaceOrientations = UIInterfaceOrientationPortrait;
				INFOPLIST_KEY_UISupportedInterfaceOrientations_iPad = "UIInterfaceOrientationPortrait UIInterfaceOrientationPortraitUpsideDown";
				LD_RUNPATH_SEARCH_PATHS = (
					"$(inherited)",
					"@executable_path/Frameworks",
				);
				MARKETING_VERSION = 1.0;
				PRODUCT_BUNDLE_IDENTIFIER = com.matttoal.FormulaOne;
				PRODUCT_NAME = "$(TARGET_NAME)";
				SWIFT_EMIT_LOC_STRINGS = YES;
				SWIFT_VERSION = 5.0;
				TARGETED_DEVICE_FAMILY = "1,2";
			};
			name = Debug;
		};
		C953ED562A985D5500B502C7 /* Release */ = {
			isa = XCBuildConfiguration;
			buildSettings = {
				ASSETCATALOG_COMPILER_APPICON_NAME = AppIcon;
				ASSETCATALOG_COMPILER_GLOBAL_ACCENT_COLOR_NAME = AccentColor;
				CODE_SIGN_STYLE = Automatic;
				CURRENT_PROJECT_VERSION = 1;
				DEVELOPMENT_ASSET_PATHS = "\"FormulaOne/Preview Content\"";
				DEVELOPMENT_TEAM = TTL5267D9K;
				ENABLE_PREVIEWS = YES;
				GENERATE_INFOPLIST_FILE = YES;
				INFOPLIST_KEY_LSApplicationCategoryType = "public.app-category.sports";
				INFOPLIST_KEY_UIApplicationSceneManifest_Generation = YES;
				INFOPLIST_KEY_UIApplicationSupportsIndirectInputEvents = YES;
				INFOPLIST_KEY_UILaunchScreen_Generation = YES;
				INFOPLIST_KEY_UILaunchStoryboardName = LaunchScreen.storyboard;
				INFOPLIST_KEY_UIStatusBarStyle = "";
				INFOPLIST_KEY_UISupportedInterfaceOrientations = UIInterfaceOrientationPortrait;
				INFOPLIST_KEY_UISupportedInterfaceOrientations_iPad = "UIInterfaceOrientationPortrait UIInterfaceOrientationPortraitUpsideDown";
				LD_RUNPATH_SEARCH_PATHS = (
					"$(inherited)",
					"@executable_path/Frameworks",
				);
				MARKETING_VERSION = 1.0;
				PRODUCT_BUNDLE_IDENTIFIER = com.matttoal.FormulaOne;
				PRODUCT_NAME = "$(TARGET_NAME)";
				SWIFT_EMIT_LOC_STRINGS = YES;
				SWIFT_VERSION = 5.0;
				TARGETED_DEVICE_FAMILY = "1,2";
			};
			name = Release;
		};
/* End XCBuildConfiguration section */

/* Begin XCConfigurationList section */
		C953ED412A985D5200B502C7 /* Build configuration list for PBXProject "FormulaOne" */ = {
			isa = XCConfigurationList;
			buildConfigurations = (
				C953ED522A985D5500B502C7 /* Debug */,
				C953ED532A985D5500B502C7 /* Release */,
			);
			defaultConfigurationIsVisible = 0;
			defaultConfigurationName = Release;
		};
		C953ED542A985D5500B502C7 /* Build configuration list for PBXNativeTarget "FormulaOne" */ = {
			isa = XCConfigurationList;
			buildConfigurations = (
				C953ED552A985D5500B502C7 /* Debug */,
				C953ED562A985D5500B502C7 /* Release */,
			);
			defaultConfigurationIsVisible = 0;
			defaultConfigurationName = Release;
		};
/* End XCConfigurationList section */
	};
	rootObject = C953ED3E2A985D5200B502C7 /* Project object */;
}
